PODS:
  - HLSegmentViewController (1.2.0)

DEPENDENCIES:
  - HLSegmentViewController (from `../`)

EXTERNAL SOURCES:
  HLSegmentViewController:
    :path: "../"

SPEC CHECKSUMS:
  HLSegmentViewController: 576278fb51c69111583abd7131f655fb6d1faa15

PODFILE CHECKSUM: 9bbde5f9ad45ed3b36053577c7747c3463495ceb

COCOAPODS: 1.5.3
