PODS:
  - HLSegmentViewController (1.1.0)

DEPENDENCIES:
  - HLSegmentViewController (from `../`)

EXTERNAL SOURCES:
  HLSegmentViewController:
    :path: "../"

SPEC CHECKSUMS:
  HLSegmentViewController: 46b11354e8b1935eb0b4e8614fd80bc55a510c6b

PODFILE CHECKSUM: 9bbde5f9ad45ed3b36053577c7747c3463495ceb

COCOAPODS: 1.5.3
